
Microsoft Visual Studio Solution File, Format Version 12.00
# Visual Studio Version 16
VisualStudioVersion = 16.0.32002.261
MinimumVisualStudioVersion = 10.0.40219.1
Project("{9A19103F-16F7-4668-BE54-9A1E7A4F7556}") = "NewsManagement.WebApp", "NewsManagement.WebApp\NewsManagement.WebApp.csproj", "{6FB8E79A-2911-4C02-B5EB-9B61638BE66D}"
EndProject
Project("{9A19103F-16F7-4668-BE54-9A1E7A4F7556}") = "NewsManagement.Data", "NewsManagement.Data\NewsManagement.Data.csproj", "{28A22CE2-6393-4CE2-9898-0EF50D9B8098}"
EndProject
Project("{9A19103F-16F7-4668-BE54-9A1E7A4F7556}") = "NewsManagement.Application", "NewsManagement.Application\NewsManagement.Application.csproj", "{5AD316A6-4BEC-481F-9161-6D5FDD0B7D93}"
EndProject
Project("{9A19103F-16F7-4668-BE54-9A1E7A4F7556}") = "NewsManagement.Utilities", "NewsManagement.Utilities\NewsManagement.Utilities.csproj", "{5500F6C4-F901-4719-B255-A7E295BF7CD7}"
EndProject
Project("{9A19103F-16F7-4668-BE54-9A1E7A4F7556}") = "NewsManagement.ViewModels", "NewsManagement.ViewModels\NewsManagement.ViewModels.csproj", "{BEA1AEF8-AA33-4D07-8BB1-2A90E90C074E}"
EndProject
Project("{9A19103F-16F7-4668-BE54-9A1E7A4F7556}") = "NewsManagement.BackendApi", "NewsManagement.BackendApi\NewsManagement.BackendApi.csproj", "{A39BA53D-0490-4FC9-B193-EA5C060C7FFF}"
EndProject
Project("{2150E333-8FDC-42A3-9474-1A3956D46DE8}") = "1. Infrastructure", "1. Infrastructure", "{93B14AFC-9D84-49B2-BFF7-A76CB171EBA3}"
EndProject
Project("{2150E333-8FDC-42A3-9474-1A3956D46DE8}") = "2. Domain", "2. Domain", "{AA652987-52F7-446E-AB31-45739BD614F4}"
EndProject
Project("{2150E333-8FDC-42A3-9474-1A3956D46DE8}") = "3. Hosts", "3. Hosts", "{8235AFF3-9232-4E58-B04B-F5938847B81C}"
EndProject
Project("{9A19103F-16F7-4668-BE54-9A1E7A4F7556}") = "NewsManagement.AdminApp", "NewsManagement.AdminApp\NewsManagement.AdminApp.csproj", "{DC5615C4-165E-4D0F-8F43-CB6CB2A82D07}"
EndProject
Project("{9A19103F-16F7-4668-BE54-9A1E7A4F7556}") = "NewsManagement.ApiIntegration", "NewsManagement.ApiIntegration\NewsManagement.ApiIntegration.csproj", "{55EB36D3-D0B0-4028-9F7A-C9106064FB0C}"
EndProject
Global
	GlobalSection(SolutionConfigurationPlatforms) = preSolution
		Debug|Any CPU = Debug|Any CPU
		Release|Any CPU = Release|Any CPU
	EndGlobalSection
	GlobalSection(ProjectConfigurationPlatforms) = postSolution
		{6FB8E79A-2911-4C02-B5EB-9B61638BE66D}.Debug|Any CPU.ActiveCfg = Debug|Any CPU
		{6FB8E79A-2911-4C02-B5EB-9B61638BE66D}.Debug|Any CPU.Build.0 = Debug|Any CPU
		{6FB8E79A-2911-4C02-B5EB-9B61638BE66D}.Release|Any CPU.ActiveCfg = Release|Any CPU
		{6FB8E79A-2911-4C02-B5EB-9B61638BE66D}.Release|Any CPU.Build.0 = Release|Any CPU
		{28A22CE2-6393-4CE2-9898-0EF50D9B8098}.Debug|Any CPU.ActiveCfg = Debug|Any CPU
		{28A22CE2-6393-4CE2-9898-0EF50D9B8098}.Debug|Any CPU.Build.0 = Debug|Any CPU
		{28A22CE2-6393-4CE2-9898-0EF50D9B8098}.Release|Any CPU.ActiveCfg = Release|Any CPU
		{28A22CE2-6393-4CE2-9898-0EF50D9B8098}.Release|Any CPU.Build.0 = Release|Any CPU
		{5AD316A6-4BEC-481F-9161-6D5FDD0B7D93}.Debug|Any CPU.ActiveCfg = Debug|Any CPU
		{5AD316A6-4BEC-481F-9161-6D5FDD0B7D93}.Debug|Any CPU.Build.0 = Debug|Any CPU
		{5AD316A6-4BEC-481F-9161-6D5FDD0B7D93}.Release|Any CPU.ActiveCfg = Release|Any CPU
		{5AD316A6-4BEC-481F-9161-6D5FDD0B7D93}.Release|Any CPU.Build.0 = Release|Any CPU
		{5500F6C4-F901-4719-B255-A7E295BF7CD7}.Debug|Any CPU.ActiveCfg = Debug|Any CPU
		{5500F6C4-F901-4719-B255-A7E295BF7CD7}.Debug|Any CPU.Build.0 = Debug|Any CPU
		{5500F6C4-F901-4719-B255-A7E295BF7CD7}.Release|Any CPU.ActiveCfg = Release|Any CPU
		{5500F6C4-F901-4719-B255-A7E295BF7CD7}.Release|Any CPU.Build.0 = Release|Any CPU
		{BEA1AEF8-AA33-4D07-8BB1-2A90E90C074E}.Debug|Any CPU.ActiveCfg = Debug|Any CPU
		{BEA1AEF8-AA33-4D07-8BB1-2A90E90C074E}.Debug|Any CPU.Build.0 = Debug|Any CPU
		{BEA1AEF8-AA33-4D07-8BB1-2A90E90C074E}.Release|Any CPU.ActiveCfg = Release|Any CPU
		{BEA1AEF8-AA33-4D07-8BB1-2A90E90C074E}.Release|Any CPU.Build.0 = Release|Any CPU
		{A39BA53D-0490-4FC9-B193-EA5C060C7FFF}.Debug|Any CPU.ActiveCfg = Debug|Any CPU
		{A39BA53D-0490-4FC9-B193-EA5C060C7FFF}.Debug|Any CPU.Build.0 = Debug|Any CPU
		{A39BA53D-0490-4FC9-B193-EA5C060C7FFF}.Release|Any CPU.ActiveCfg = Release|Any CPU
		{A39BA53D-0490-4FC9-B193-EA5C060C7FFF}.Release|Any CPU.Build.0 = Release|Any CPU
		{DC5615C4-165E-4D0F-8F43-CB6CB2A82D07}.Debug|Any CPU.ActiveCfg = Debug|Any CPU
		{DC5615C4-165E-4D0F-8F43-CB6CB2A82D07}.Debug|Any CPU.Build.0 = Debug|Any CPU
		{DC5615C4-165E-4D0F-8F43-CB6CB2A82D07}.Release|Any CPU.ActiveCfg = Release|Any CPU
		{DC5615C4-165E-4D0F-8F43-CB6CB2A82D07}.Release|Any CPU.Build.0 = Release|Any CPU
		{55EB36D3-D0B0-4028-9F7A-C9106064FB0C}.Debug|Any CPU.ActiveCfg = Debug|Any CPU
		{55EB36D3-D0B0-4028-9F7A-C9106064FB0C}.Debug|Any CPU.Build.0 = Debug|Any CPU
		{55EB36D3-D0B0-4028-9F7A-C9106064FB0C}.Release|Any CPU.ActiveCfg = Release|Any CPU
		{55EB36D3-D0B0-4028-9F7A-C9106064FB0C}.Release|Any CPU.Build.0 = Release|Any CPU
	EndGlobalSection
	GlobalSection(SolutionProperties) = preSolution
		HideSolutionNode = FALSE
	EndGlobalSection
	GlobalSection(NestedProjects) = preSolution
		{6FB8E79A-2911-4C02-B5EB-9B61638BE66D} = {8235AFF3-9232-4E58-B04B-F5938847B81C}
		{28A22CE2-6393-4CE2-9898-0EF50D9B8098} = {AA652987-52F7-446E-AB31-45739BD614F4}
		{5AD316A6-4BEC-481F-9161-6D5FDD0B7D93} = {AA652987-52F7-446E-AB31-45739BD614F4}
		{5500F6C4-F901-4719-B255-A7E295BF7CD7} = {93B14AFC-9D84-49B2-BFF7-A76CB171EBA3}
		{BEA1AEF8-AA33-4D07-8BB1-2A90E90C074E} = {93B14AFC-9D84-49B2-BFF7-A76CB171EBA3}
		{A39BA53D-0490-4FC9-B193-EA5C060C7FFF} = {8235AFF3-9232-4E58-B04B-F5938847B81C}
		{DC5615C4-165E-4D0F-8F43-CB6CB2A82D07} = {8235AFF3-9232-4E58-B04B-F5938847B81C}
		{55EB36D3-D0B0-4028-9F7A-C9106064FB0C} = {8235AFF3-9232-4E58-B04B-F5938847B81C}
	EndGlobalSection
	GlobalSection(ExtensibilityGlobals) = postSolution
		SolutionGuid = {E3FD69B6-9B4E-4893-95F3-CCDD64DC73F8}
	EndGlobalSection
EndGlobal
